PODS:
  - cloud_firestore (2.5.3):
    - Firebase/Firestore (= 8.7.0)
    - firebase_core
    - Flutter
  - connectivity_plus (0.0.1):
    - Flutter
    - Reachability
  - emoji_picker_flutter (0.0.1):
    - Flutter
  - Firebase (3.6.0):
    - Firebase/Core (= 3.6.0)
  - Firebase/Analytics (3.6.0):
    - FirebaseAnalytics (= 3.4.2)
  - Firebase/Auth (8.7.0):
    - Firebase/CoreOnly
    - FirebaseAuth (~> 8.7.0)
  - Firebase/Core (3.6.0):
    - Firebase/Analytics
  - Firebase/CoreOnly (8.7.0):
    - FirebaseCore (= 8.7.0)
  - Firebase/Firestore (8.7.0):
    - Firebase/CoreOnly
    - FirebaseFirestore (~> 8.7.0)
  - Firebase/Messaging (8.7.0):
    - Firebase/CoreOnly
    - FirebaseMessaging (~> 8.7.0)
  - Firebase/Storage (8.7.0):
    - Firebase/CoreOnly
    - FirebaseStorage (~> 8.7.0)
  - firebase_auth (3.1.2):
    - Firebase/Auth (= 8.7.0)
    - firebase_core
    - Flutter
  - firebase_core (1.7.0):
    - Firebase/CoreOnly (= 8.7.0)
    - Flutter
  - firebase_messaging (10.0.8):
    - Firebase/Messaging (= 8.7.0)
    - firebase_core
    - Flutter
  - firebase_storage (10.0.4):
    - Firebase/Storage (= 8.7.0)
    - firebase_core
    - Flutter
  - FirebaseAnalytics (3.4.2):
    - FirebaseInstanceID (~> 1.0)
    - GoogleInterchangeUtilities (~> 1.2)
    - GoogleSymbolUtilities (~> 1.1)
    - GoogleUtilities (~> 1.2)
  - FirebaseAuth (8.7.0):
    - FirebaseCore (~> 8.0)
    - GoogleUtilities/AppDelegateSwizzler (~> 7.4)
    - GoogleUtilities/Environment (~> 7.4)
    - GTMSessionFetcher/Core (~> 1.5)
  - FirebaseCore (8.7.0):
    - FirebaseCoreDiagnostics (~> 8.0)
    - GoogleUtilities/Environment (~> 7.4)
    - GoogleUtilities/Logger (~> 7.4)
  - FirebaseCoreDiagnostics (8.11.0):
    - GoogleDataTransport (~> 9.1)
    - GoogleUtilities/Environment (~> 7.7)
    - GoogleUtilities/Logger (~> 7.7)
    - nanopb (~> 2.30908.0)
  - FirebaseFirestore (8.7.0):
    - FirebaseFirestore/AutodetectLeveldb (= 8.7.0)
  - FirebaseFirestore/AutodetectLeveldb (8.7.0):
    - FirebaseFirestore/Base
    - FirebaseFirestore/WithLeveldb
  - FirebaseFirestore/Base (8.7.0)
  - FirebaseFirestore/WithLeveldb (8.7.0):
    - FirebaseFirestore/Base
  - FirebaseInstallations (8.11.0):
    - FirebaseCore (~> 8.0)
    - GoogleUtilities/Environment (~> 7.7)
    - GoogleUtilities/UserDefaults (~> 7.7)
    - PromisesObjC (< 3.0, >= 1.2)
  - FirebaseInstanceID (1.0.9)
  - FirebaseMessaging (8.7.0):
    - FirebaseCore (~> 8.0)
    - FirebaseInstallations (~> 8.0)
    - GoogleDataTransport (~> 9.0)
    - GoogleUtilities/AppDelegateSwizzler (~> 7.4)
    - GoogleUtilities/Environment (~> 7.4)
    - GoogleUtilities/Reachability (~> 7.4)
    - GoogleUtilities/UserDefaults (~> 7.4)
    - nanopb (~> 2.30908.0)
  - FirebaseStorage (8.7.0):
    - FirebaseCore (~> 8.0)
    - GTMSessionFetcher/Core (~> 1.5)
  - Flutter (1.0.0)
  - flutter_keyboard_visibility (0.0.1):
    - Flutter
  - fluttertoast (0.0.2):
    - Flutter
    - Toast
  - FMDB (2.7.5):
    - FMDB/standard (= 2.7.5)
  - FMDB/standard (2.7.5)
  - geocoding (1.0.5):
    - Flutter
  - geolocator_apple (1.2.0):
    - Flutter
  - Google-Mobile-Ads-SDK (7.69.0):
    - GoogleAppMeasurement (~> 7.0)
    - GoogleUserMessagingPlatform (~> 1.1)
  - google_maps_flutter (0.0.1):
    - Flutter
    - GoogleMaps
  - google_ml_vision (0.0.7):
    - Flutter
    - GoogleMLKit/BarcodeScanning (~> 2.2.0)
    - GoogleMLKit/FaceDetection (~> 2.2.0)
    - GoogleMLKit/ImageLabeling (~> 2.2.0)
    - GoogleMLKit/TextRecognition (~> 2.2.0)
  - google_mobile_ads (0.0.1):
    - Flutter
    - Google-Mobile-Ads-SDK (= 7.69.0)
  - GoogleAnalytics (3.20.0)
  - GoogleAppMeasurement (7.11.0):
    - GoogleAppMeasurement/AdIdSupport (= 7.11.0)
    - GoogleUtilities/AppDelegateSwizzler (~> 7.0)
    - GoogleUtilities/MethodSwizzler (~> 7.0)
    - GoogleUtilities/Network (~> 7.0)
    - "GoogleUtilities/NSData+zlib (~> 7.0)"
    - nanopb (~> 2.30908.0)
  - GoogleAppMeasurement/AdIdSupport (7.11.0):
    - GoogleUtilities/AppDelegateSwizzler (~> 7.0)
    - GoogleUtilities/MethodSwizzler (~> 7.0)
    - GoogleUtilities/Network (~> 7.0)
    - "GoogleUtilities/NSData+zlib (~> 7.0)"
    - nanopb (~> 2.30908.0)
  - GoogleDataTransport (9.1.2):
    - GoogleUtilities/Environment (~> 7.2)
    - nanopb (~> 2.30908.0)
    - PromisesObjC (< 3.0, >= 1.2)
  - GoogleInterchangeUtilities (1.2.2):
    - GoogleSymbolUtilities (~> 1.1)
  - GoogleMaps (5.2.0):
    - GoogleMaps/Maps (= 5.2.0)
  - GoogleMaps/Base (5.2.0)
  - GoogleMaps/Maps (5.2.0):
    - GoogleMaps/Base
  - GoogleMLKit/BarcodeScanning (2.2.0):
    - GoogleMLKit/MLKitCore
    - MLKitBarcodeScanning (~> 1.3.0)
  - GoogleMLKit/FaceDetection (2.2.0):
    - GoogleMLKit/MLKitCore
    - MLKitFaceDetection (~> 1.3.0)
  - GoogleMLKit/ImageLabeling (2.2.0):
    - GoogleMLKit/MLKitCore
    - MLKitImageLabeling (~> 1.3.0)
  - GoogleMLKit/MLKitCore (2.2.0):
    - MLKitCommon (~> 3.0.0)
  - GoogleMLKit/TextRecognition (2.2.0):
    - GoogleMLKit/MLKitCore
    - MLKitTextRecognition (~> 1.3.0)
  - GoogleSymbolUtilities (1.1.2)
  - GoogleToolboxForMac/DebugUtils (2.3.2):
    - GoogleToolboxForMac/Defines (= 2.3.2)
  - GoogleToolboxForMac/Defines (2.3.2)
  - GoogleToolboxForMac/Logger (2.3.2):
    - GoogleToolboxForMac/Defines (= 2.3.2)
  - "GoogleToolboxForMac/NSData+zlib (2.3.2)":
    - GoogleToolboxForMac/Defines (= 2.3.2)
  - "GoogleToolboxForMac/NSDictionary+URLArguments (2.3.2)":
    - GoogleToolboxForMac/DebugUtils (= 2.3.2)
    - GoogleToolboxForMac/Defines (= 2.3.2)
    - "GoogleToolboxForMac/NSString+URLArguments (= 2.3.2)"
  - "GoogleToolboxForMac/NSString+URLArguments (2.3.2)"
  - GoogleUserMessagingPlatform (1.4.0)
  - GoogleUtilities (1.3.2):
    - GoogleSymbolUtilities (~> 1.1)
  - GoogleUtilities/AppDelegateSwizzler (7.7.0):
    - GoogleUtilities/Environment
    - GoogleUtilities/Logger
    - GoogleUtilities/Network
  - GoogleUtilities/Environment (7.7.0):
    - PromisesObjC (< 3.0, >= 1.2)
  - GoogleUtilities/Logger (7.7.0):
    - GoogleUtilities/Environment
  - GoogleUtilities/MethodSwizzler (7.7.0):
    - GoogleUtilities/Logger
  - GoogleUtilities/Network (7.7.0):
    - GoogleUtilities/Logger
    - "GoogleUtilities/NSData+zlib"
    - GoogleUtilities/Reachability
  - "GoogleUtilities/NSData+zlib (7.7.0)"
  - GoogleUtilities/Reachability (7.7.0):
    - GoogleUtilities/Logger
  - GoogleUtilities/UserDefaults (7.7.0):
    - GoogleUtilities/Logger
  - GoogleUtilitiesComponents (1.1.0):
    - GoogleUtilities/Logger
  - GTMSessionFetcher/Core (1.7.0)
  - image_cropper (0.0.4):
    - Flutter
    - TOCropViewController (~> 2.6.0)
  - image_picker (0.0.1):
    - Flutter
  - in_app_purchase (0.0.1):
    - Flutter
  - location (0.0.1):
    - Flutter
  - map_launcher (0.0.1):
    - Flutter
  - MLImage (1.0.0-beta1)
  - MLKitBarcodeScanning (1.3.0):
    - MLKitCommon (~> 3.0)
    - MLKitVision (~> 1.3)
  - MLKitCommon (3.0.0):
    - GoogleDataTransport (~> 9.0)
    - GoogleToolboxForMac/Logger (~> 2.1)
    - "GoogleToolboxForMac/NSData+zlib (~> 2.1)"
    - "GoogleToolboxForMac/NSDictionary+URLArguments (~> 2.1)"
    - GoogleUtilities/UserDefaults (~> 7.0)
    - GoogleUtilitiesComponents (~> 1.0)
    - GTMSessionFetcher/Core (~> 1.1)
    - Protobuf (~> 3.12)
  - MLKitFaceDetection (1.3.0):
    - MLKitCommon (~> 3.0)
    - MLKitVision (~> 1.3)
  - MLKitImageLabeling (1.3.0):
    - MLKitCommon (~> 3.0)
    - MLKitImageLabelingCommon (~> 1.3)
    - MLKitVision (~> 1.3)
    - MLKitVisionKit (~> 2.2)
  - MLKitImageLabelingCommon (1.3.0):
    - MLKitCommon (~> 3.0)
    - MLKitVision (~> 1.3)
  - MLKitObjectDetectionCommon (1.3.0):
    - MLKitCommon (~> 3.0)
    - MLKitVision (~> 1.3)
  - MLKitTextRecognition (1.3.0):
    - MLKitCommon (~> 3.0)
    - MLKitVision (~> 1.3)
  - MLKitVision (1.3.0):
    - GoogleToolboxForMac/Logger (~> 2.1)
    - "GoogleToolboxForMac/NSData+zlib (~> 2.1)"
    - GTMSessionFetcher/Core (~> 1.1)
    - MLImage (= 1.0.0-beta1)
    - MLKitCommon (~> 3.0)
    - Protobuf (~> 3.12)
  - MLKitVisionKit (2.2.0):
    - MLKitCommon (~> 3.0)
    - MLKitImageLabelingCommon (~> 1.3)
    - MLKitObjectDetectionCommon (~> 1.3)
    - MLKitVision (~> 1.3)
  - nanopb (2.30908.0):
    - nanopb/decode (= 2.30908.0)
    - nanopb/encode (= 2.30908.0)
  - nanopb/decode (2.30908.0)
  - nanopb/encode (2.30908.0)
  - path_provider (0.0.1):
    - Flutter
  - PromisesObjC (2.0.0)
  - Protobuf (3.19.1)
  - Reachability (3.2)
  - share (0.0.1):
    - Flutter
  - shared_preferences (0.0.1):
    - Flutter
  - sqflite (0.0.2):
    - Flutter
    - FMDB (>= 2.7.5)
  - Toast (4.0.0)
  - TOCropViewController (2.6.0)
  - update_app (0.0.1):
    - Flutter
  - url_launcher (0.0.1):
    - Flutter
  - webview_flutter (0.0.1):
    - Flutter

DEPENDENCIES:
  - cloud_firestore (from `.symlinks/plugins/cloud_firestore/ios`)
  - connectivity_plus (from `.symlinks/plugins/connectivity_plus/ios`)
  - emoji_picker_flutter (from `.symlinks/plugins/emoji_picker_flutter/ios`)
  - Firebase
  - firebase_auth (from `.symlinks/plugins/firebase_auth/ios`)
  - firebase_core (from `.symlinks/plugins/firebase_core/ios`)
  - firebase_messaging (from `.symlinks/plugins/firebase_messaging/ios`)
  - firebase_storage (from `.symlinks/plugins/firebase_storage/ios`)
  - FirebaseFirestore (from `https://github.com/invertase/firestore-ios-sdk-frameworks.git`, tag `8.7.0`)
  - Flutter (from `Flutter`)
  - flutter_keyboard_visibility (from `.symlinks/plugins/flutter_keyboard_visibility/ios`)
  - fluttertoast (from `.symlinks/plugins/fluttertoast/ios`)
  - geocoding (from `.symlinks/plugins/geocoding/ios`)
  - geolocator_apple (from `.symlinks/plugins/geolocator_apple/ios`)
  - google_maps_flutter (from `.symlinks/plugins/google_maps_flutter/ios`)
  - google_ml_vision (from `.symlinks/plugins/google_ml_vision/ios`)
  - google_mobile_ads (from `.symlinks/plugins/google_mobile_ads/ios`)
  - GoogleAnalytics
  - image_cropper (from `.symlinks/plugins/image_cropper/ios`)
  - image_picker (from `.symlinks/plugins/image_picker/ios`)
  - in_app_purchase (from `.symlinks/plugins/in_app_purchase/ios`)
  - location (from `.symlinks/plugins/location/ios`)
  - map_launcher (from `.symlinks/plugins/map_launcher/ios`)
  - path_provider (from `.symlinks/plugins/path_provider/ios`)
  - share (from `.symlinks/plugins/share/ios`)
  - shared_preferences (from `.symlinks/plugins/shared_preferences/ios`)
  - sqflite (from `.symlinks/plugins/sqflite/ios`)
  - update_app (from `.symlinks/plugins/update_app/ios`)
  - url_launcher (from `.symlinks/plugins/url_launcher/ios`)
  - webview_flutter (from `.symlinks/plugins/webview_flutter/ios`)

SPEC REPOS:
  trunk:
    - Firebase
    - FirebaseAnalytics
    - FirebaseAuth
    - FirebaseCore
    - FirebaseCoreDiagnostics
    - FirebaseInstallations
    - FirebaseInstanceID
    - FirebaseMessaging
    - FirebaseStorage
    - FMDB
    - Google-Mobile-Ads-SDK
    - GoogleAnalytics
    - GoogleAppMeasurement
    - GoogleDataTransport
    - GoogleInterchangeUtilities
    - GoogleMaps
    - GoogleMLKit
    - GoogleSymbolUtilities
    - GoogleToolboxForMac
    - GoogleUserMessagingPlatform
    - GoogleUtilities
    - GoogleUtilitiesComponents
    - GTMSessionFetcher
    - MLImage
    - MLKitBarcodeScanning
    - MLKitCommon
    - MLKitFaceDetection
    - MLKitImageLabeling
    - MLKitImageLabelingCommon
    - MLKitObjectDetectionCommon
    - MLKitTextRecognition
    - MLKitVision
    - MLKitVisionKit
    - nanopb
    - PromisesObjC
    - Protobuf
    - Reachability
    - Toast
    - TOCropViewController

EXTERNAL SOURCES:
  cloud_firestore:
    :path: ".symlinks/plugins/cloud_firestore/ios"
  connectivity_plus:
    :path: ".symlinks/plugins/connectivity_plus/ios"
  emoji_picker_flutter:
    :path: ".symlinks/plugins/emoji_picker_flutter/ios"
  firebase_auth:
    :path: ".symlinks/plugins/firebase_auth/ios"
  firebase_core:
    :path: ".symlinks/plugins/firebase_core/ios"
  firebase_messaging:
    :path: ".symlinks/plugins/firebase_messaging/ios"
  firebase_storage:
    :path: ".symlinks/plugins/firebase_storage/ios"
  FirebaseFirestore:
    :git: https://github.com/invertase/firestore-ios-sdk-frameworks.git
    :tag: 8.7.0
  Flutter:
    :path: Flutter
  flutter_keyboard_visibility:
    :path: ".symlinks/plugins/flutter_keyboard_visibility/ios"
  fluttertoast:
    :path: ".symlinks/plugins/fluttertoast/ios"
  geocoding:
    :path: ".symlinks/plugins/geocoding/ios"
  geolocator_apple:
    :path: ".symlinks/plugins/geolocator_apple/ios"
  google_maps_flutter:
    :path: ".symlinks/plugins/google_maps_flutter/ios"
  google_ml_vision:
    :path: ".symlinks/plugins/google_ml_vision/ios"
  google_mobile_ads:
    :path: ".symlinks/plugins/google_mobile_ads/ios"
  image_cropper:
    :path: ".symlinks/plugins/image_cropper/ios"
  image_picker:
    :path: ".symlinks/plugins/image_picker/ios"
  in_app_purchase:
    :path: ".symlinks/plugins/in_app_purchase/ios"
  location:
    :path: ".symlinks/plugins/location/ios"
  map_launcher:
    :path: ".symlinks/plugins/map_launcher/ios"
  path_provider:
    :path: ".symlinks/plugins/path_provider/ios"
  share:
    :path: ".symlinks/plugins/share/ios"
  shared_preferences:
    :path: ".symlinks/plugins/shared_preferences/ios"
  sqflite:
    :path: ".symlinks/plugins/sqflite/ios"
  update_app:
    :path: ".symlinks/plugins/update_app/ios"
  url_launcher:
    :path: ".symlinks/plugins/url_launcher/ios"
  webview_flutter:
    :path: ".symlinks/plugins/webview_flutter/ios"

CHECKOUT OPTIONS:
  FirebaseFirestore:
    :git: https://github.com/invertase/firestore-ios-sdk-frameworks.git
    :tag: 8.7.0

SPEC CHECKSUMS:
  cloud_firestore: a09fdd53707eadea99f93ca5ad8e95e4c1ab1108
  connectivity_plus: 5f0eb61093bec56935f21a1699dd2758bc895587
  emoji_picker_flutter: 4f9a1ac31d355e1bf9622a1e821a809149130127
  Firebase: bc9325d5ee2041524bac78a5213d0e530c651309
  firebase_auth: 3193124aa14a62b8abec3fd069df73ef378d2c5b
  firebase_core: f5ac1f2726a2bd0468cea0161eddeea3d83d7e3e
  firebase_messaging: cfee8830477d2f1875e027a65cce7f6239ebf583
  firebase_storage: 04a381404ffddf5d3d39bf4bdfc517e4a354dfe9
  FirebaseAnalytics: 3f5358d9104adf159cc8d99b7b501e50099a39ad
  FirebaseAuth: 2e7d029977648c67a5d51a263d4cbab76d34cf12
  FirebaseCore: f4804c1d3f4bbbefc88904d15653038f2c99ddf7
  FirebaseCoreDiagnostics: 64d9709d804a6c25bd77841371c1fcfd909d5601
  FirebaseFirestore: 0f0d98ab906dbf65c82d070dd1a0c53da48d74dd
  FirebaseInstallations: 044eede8a049bce71c4541ee68d6e4364fcbe774
  FirebaseInstanceID: 2d0518b1378fe9d685ef40cbdd63d2fdc1125339
  FirebaseMessaging: 93227dd71d7888e200baef65043f81acb2b6596e
  FirebaseStorage: 2e6e58fe31fb0061fdce3f156d0ebc964e9de6ba
  Flutter: 434fef37c0980e73bb6479ef766c45957d4b510c
  flutter_keyboard_visibility: 0339d06371254c3eb25eeb90ba8d17dca8f9c069
  fluttertoast: 6122fa75143e992b1d3470f61000f591a798cc58
  FMDB: 2ce00b547f966261cd18927a3ddb07cb6f3db82a
  geocoding: 32cfcdb16d38d907caaba65e2e42ad10d38bee58
  geolocator_apple: b741765c55dc21950e3e106e8b3584e55cf81ce5
  Google-Mobile-Ads-SDK: 2f288748a42920d1c744946a460896a95b0e9110
  google_maps_flutter: 279865bd07e2d8751f43a3bc64bac7f6075d0c93
  google_ml_vision: d16cd76617b3260c4283a28843555a8c6253a171
  google_mobile_ads: 126e0785d3b0bd36d52ff331c19b8d8162407843
  GoogleAnalytics: 01e4c5a04544a3608f93e970ce0817836897c5a5
  GoogleAppMeasurement: fd19169c3034975cb934e865e5667bfdce59df7f
  GoogleDataTransport: 629c20a4d363167143f30ea78320d5a7eb8bd940
  GoogleInterchangeUtilities: d5bc4d88d5b661ab72f9d70c58d02ca8c27ad1f7
  GoogleMaps: 025272d5876d3b32604e5c080dc25eaf68764693
  GoogleMLKit: 85ffdc9641d05311c76dbba5bbf93059087be12f
  GoogleSymbolUtilities: 631ee17048aa5e9ab133470d768ea997a5ef9b96
  GoogleToolboxForMac: 8bef7c7c5cf7291c687cf5354f39f9db6399ad34
  GoogleUserMessagingPlatform: b168e8c46cd8f92aa3e34b584c4ca78a411ce367
  GoogleUtilities: e0913149f6b0625b553d70dae12b49fc62914fd1
  GoogleUtilitiesComponents: 679b2c881db3b615a2777504623df6122dd20afe
  GTMSessionFetcher: 43748f93435c2aa068b1cbe39655aaf600652e91
  image_cropper: f1668dd8d2cad2d357955caad15a40547856edcb
  image_picker: e06f7a68f000bd36f552c1847e33cda96ed31f1f
  in_app_purchase: 3e2155afa9d03d4fa32d9e62d567885080ce97d6
  location: 3a2eed4dd2fab25e7b7baf2a9efefe82b512d740
  map_launcher: e325db1261d029ff33e08e03baccffe09593ffea
  MLImage: 647f3d580c10b3c9a3f6154f5d7baead60c42a0c
  MLKitBarcodeScanning: 6b998bd1cfe471ae407a7f647d649494617787c0
  MLKitCommon: 6d6be0a2e9a6340aad1c1f2b9449c11dee8af70f
  MLKitFaceDetection: 897f007aa4eb426ef1bac7c66e5451d02ffc2e83
  MLKitImageLabeling: fc44a4f90b1cf16bcb62c043d477c052ba7539ca
  MLKitImageLabelingCommon: fbe695a04fb236555e6b7e69e7def153a04324c1
  MLKitObjectDetectionCommon: 6abf300c61cd781ee3abc8abea8a3f8baca886dc
  MLKitTextRecognition: fd52b7b3cef00751c202475f5a147e9752130767
  MLKitVision: 26da299aef93291f24f5200e8372919f73abf3b5
  MLKitVisionKit: 226bac429eda1d84285409e31ce9da72606850fb
  nanopb: a0ba3315591a9ae0a16a309ee504766e90db0c96
  path_provider: abfe2b5c733d04e238b0d8691db0cfd63a27a93c
  PromisesObjC: 68159ce6952d93e17b2dfe273b8c40907db5ba58
  Protobuf: 3724efa50cb2846d7ccebc8691c574e85fd74471
  Reachability: 33e18b67625424e47b6cde6d202dce689ad7af96
  share: 0b2c3e82132f5888bccca3351c504d0003b3b410
  shared_preferences: af6bfa751691cdc24be3045c43ec037377ada40d
  sqflite: 6d358c025f5b867b29ed92fc697fd34924e11904
  Toast: 91b396c56ee72a5790816f40d3a94dd357abc196
  TOCropViewController: 3105367e808b7d3d886a74ff59bf4804e7d3ab38
  update_app: 03c24a56ba197e2a036d5230b02e85825b76e045
  url_launcher: 6fef411d543ceb26efce54b05a0a40bfd74cbbef
  webview_flutter: 3603125dfd3bcbc9d8d418c3f80aeecf331c068b

PODFILE CHECKSUM: 6352e6d1f0c9cdf0859f786f05b6de7581b8d548

COCOAPODS: 1.11.2
